PODS:
  - pop (1.0.9)
  - SVProgressHUD (HEAD based on 2.0-beta8)
  - VBFPopFlatButton (0.0.6):
    - pop

DEPENDENCIES:
  - SVProgressHUD (HEAD)
  - VBFPopFlatButton

SPEC CHECKSUMS:
  pop: f667631a5108a2e60d9e8797c9b32ddaf2080bce
  SVProgressHUD: 6e48a1dda09ce3b58adc41d013baed3a8e8980ff
  VBFPopFlatButton: 782344da63f104c279a857d806e065117a7e1196

COCOAPODS: 0.39.0
